
Microsoft Visual Studio Solution File, Format Version 12.00
# Visual Studio 15
VisualStudioVersion = 15.0.27428.2002
MinimumVisualStudioVersion = 10.0.40219.1
Project("{FAE04EC0-301F-11D3-BF4B-00C04F79EFBC}") = "TheLift", "TheLift\TheLift.csproj", "{4B582671-2744-4A52-AEBD-6D41A016A25B}"
EndProject
Project("{FAE04EC0-301F-11D3-BF4B-00C04F79EFBC}") = "LiftModel", "LiftModel\LiftModel.csproj", "{6DF254FF-5098-4D4A-9C2D-C262CE512FCA}"
EndProject
Global
	GlobalSection(SolutionConfigurationPlatforms) = preSolution
		Debug|Any CPU = Debug|Any CPU
		Release|Any CPU = Release|Any CPU
	EndGlobalSection
	GlobalSection(ProjectConfigurationPlatforms) = postSolution
		{4B582671-2744-4A52-AEBD-6D41A016A25B}.Debug|Any CPU.ActiveCfg = Debug|Any CPU
		{4B582671-2744-4A52-AEBD-6D41A016A25B}.Debug|Any CPU.Build.0 = Debug|Any CPU
		{4B582671-2744-4A52-AEBD-6D41A016A25B}.Release|Any CPU.ActiveCfg = Release|Any CPU
		{4B582671-2744-4A52-AEBD-6D41A016A25B}.Release|Any CPU.Build.0 = Release|Any CPU
		{6DF254FF-5098-4D4A-9C2D-C262CE512FCA}.Debug|Any CPU.ActiveCfg = Debug|Any CPU
		{6DF254FF-5098-4D4A-9C2D-C262CE512FCA}.Debug|Any CPU.Build.0 = Debug|Any CPU
		{6DF254FF-5098-4D4A-9C2D-C262CE512FCA}.Release|Any CPU.ActiveCfg = Release|Any CPU
		{6DF254FF-5098-4D4A-9C2D-C262CE512FCA}.Release|Any CPU.Build.0 = Release|Any CPU
	EndGlobalSection
	GlobalSection(SolutionProperties) = preSolution
		HideSolutionNode = FALSE
	EndGlobalSection
	GlobalSection(ExtensibilityGlobals) = postSolution
		SolutionGuid = {8C330A8C-6679-496E-A8B1-F246288E4B29}
	EndGlobalSection
EndGlobal
